Microsoft Visual Studio Solution File, Format Version 12.00
# Visual Studio 2012
Project("{FAE04EC0-301F-11D3-BF4B-00C04F79EFBC}") = "FinkiAdventureQuest", "FinkiAdventureQuest.csproj", "{8F7E2EFC-D976-4EF5-B48E-68522E28BC9A}"
EndProject
Global
	GlobalSection(SolutionConfigurationPlatforms) = preSolution
	Debug|Any CPU = Debug|Any CPU
	ExportDebug|Any CPU = ExportDebug|Any CPU
	ExportRelease|Any CPU = ExportRelease|Any CPU
	EndGlobalSection
	GlobalSection(ProjectConfigurationPlatforms) = postSolution
		{8F7E2EFC-D976-4EF5-B48E-68522E28BC9A}.Debug|Any CPU.ActiveCfg = Debug|Any CPU
		{8F7E2EFC-D976-4EF5-B48E-68522E28BC9A}.Debug|Any CPU.Build.0 = Debug|Any CPU
		{8F7E2EFC-D976-4EF5-B48E-68522E28BC9A}.ExportDebug|Any CPU.ActiveCfg = ExportDebug|Any CPU
		{8F7E2EFC-D976-4EF5-B48E-68522E28BC9A}.ExportDebug|Any CPU.Build.0 = ExportDebug|Any CPU
		{8F7E2EFC-D976-4EF5-B48E-68522E28BC9A}.ExportRelease|Any CPU.ActiveCfg = ExportRelease|Any CPU
		{8F7E2EFC-D976-4EF5-B48E-68522E28BC9A}.ExportRelease|Any CPU.Build.0 = ExportRelease|Any CPU
	EndGlobalSection
EndGlobal
